{
  "requires": true,
  "lockfileVersion": 1,
  "dependencies": {
    "linq": {
      "version": "4.0.0",
      "resolved": "https://registry.npmjs.org/linq/-/linq-4.0.0.tgz",
      "integrity": "sha512-oO6Or6ndtSWBrTpy876umEgUxDIrV7Vu/1L2CGNGchp7FOtCxoMBNtCaVxtkkZm6iJlv/KGjmvlj8C5fZI9Snw=="
    }
  }
}
