
Microsoft Visual Studio Solution File, Format Version 12.00
# Visual Studio Version 16
VisualStudioVersion = 16.0.31129.286
MinimumVisualStudioVersion = 10.0.40219.1
Project("{9A19103F-16F7-4668-BE54-9A1E7A4F7556}") = "SAT.MODELS", "SAT.MODELS\SAT.MODELS.csproj", "{A7BE7360-8506-48AB-A1A8-B111514B9A3A}"
EndProject
Project("{9A19103F-16F7-4668-BE54-9A1E7A4F7556}") = "SAT.API", "SAT.API\SAT.API.csproj", "{785426F4-76ED-4778-AB30-318A1B0C6219}"
EndProject
Project("{9A19103F-16F7-4668-BE54-9A1E7A4F7556}") = "SAT.SERVICES", "SAT.SERVICES\SAT.SERVICES.csproj", "{9DA975A9-0949-45C4-99E0-F0FDB5AC02BF}"
EndProject
Project("{9A19103F-16F7-4668-BE54-9A1E7A4F7556}") = "SAT.INFRA", "SAT.INFRA\SAT.INFRA.csproj", "{3AC48E41-2804-4E76-A3B2-2C578865891A}"
EndProject
Global
	GlobalSection(SolutionConfigurationPlatforms) = preSolution
		Debug|Any CPU = Debug|Any CPU
		Release|Any CPU = Release|Any CPU
	EndGlobalSection
	GlobalSection(ProjectConfigurationPlatforms) = postSolution
		{A7BE7360-8506-48AB-A1A8-B111514B9A3A}.Debug|Any CPU.ActiveCfg = Debug|Any CPU
		{A7BE7360-8506-48AB-A1A8-B111514B9A3A}.Debug|Any CPU.Build.0 = Debug|Any CPU
		{A7BE7360-8506-48AB-A1A8-B111514B9A3A}.Release|Any CPU.ActiveCfg = Release|Any CPU
		{A7BE7360-8506-48AB-A1A8-B111514B9A3A}.Release|Any CPU.Build.0 = Release|Any CPU
		{785426F4-76ED-4778-AB30-318A1B0C6219}.Debug|Any CPU.ActiveCfg = Debug|Any CPU
		{785426F4-76ED-4778-AB30-318A1B0C6219}.Debug|Any CPU.Build.0 = Debug|Any CPU
		{785426F4-76ED-4778-AB30-318A1B0C6219}.Release|Any CPU.ActiveCfg = Release|Any CPU
		{785426F4-76ED-4778-AB30-318A1B0C6219}.Release|Any CPU.Build.0 = Release|Any CPU
		{9DA975A9-0949-45C4-99E0-F0FDB5AC02BF}.Debug|Any CPU.ActiveCfg = Debug|Any CPU
		{9DA975A9-0949-45C4-99E0-F0FDB5AC02BF}.Debug|Any CPU.Build.0 = Debug|Any CPU
		{9DA975A9-0949-45C4-99E0-F0FDB5AC02BF}.Release|Any CPU.ActiveCfg = Release|Any CPU
		{9DA975A9-0949-45C4-99E0-F0FDB5AC02BF}.Release|Any CPU.Build.0 = Release|Any CPU
		{3AC48E41-2804-4E76-A3B2-2C578865891A}.Debug|Any CPU.ActiveCfg = Debug|Any CPU
		{3AC48E41-2804-4E76-A3B2-2C578865891A}.Debug|Any CPU.Build.0 = Debug|Any CPU
		{3AC48E41-2804-4E76-A3B2-2C578865891A}.Release|Any CPU.ActiveCfg = Release|Any CPU
		{3AC48E41-2804-4E76-A3B2-2C578865891A}.Release|Any CPU.Build.0 = Release|Any CPU
		{F47C7982-4B7F-4968-8C8F-4B245D8ACFB3}.Debug|Any CPU.ActiveCfg = Debug|Any CPU
		{F47C7982-4B7F-4968-8C8F-4B245D8ACFB3}.Debug|Any CPU.Build.0 = Debug|Any CPU
		{F47C7982-4B7F-4968-8C8F-4B245D8ACFB3}.Release|Any CPU.ActiveCfg = Release|Any CPU
		{F47C7982-4B7F-4968-8C8F-4B245D8ACFB3}.Release|Any CPU.Build.0 = Release|Any CPU
	EndGlobalSection
	GlobalSection(SolutionProperties) = preSolution
		HideSolutionNode = FALSE
	EndGlobalSection
	GlobalSection(ExtensibilityGlobals) = postSolution
		SolutionGuid = {17018316-4678-459A-90DB-809A654ECF1C}
	EndGlobalSection
EndGlobal
