
Microsoft Visual Studio Solution File, Format Version 12.00
# Visual Studio Version 16
VisualStudioVersion = 16.0.31313.79
MinimumVisualStudioVersion = 10.0.40219.1
Project("{F14B399A-7131-4C87-9E4B-1186C45EF12D}") = "ReportingsVS2019", "ReportingsVS2019\ReportingsVS2019.rptproj", "{5023789F-EE80-430F-BCEE-9917475C0E65}"
EndProject
Global
	GlobalSection(SolutionConfigurationPlatforms) = preSolution
		Debug|Default = Debug|Default
		DebugLocal|Default = DebugLocal|Default
		Release|Default = Release|Default
	EndGlobalSection
	GlobalSection(ProjectConfigurationPlatforms) = postSolution
		{5023789F-EE80-430F-BCEE-9917475C0E65}.Debug|Default.ActiveCfg = Debug
		{5023789F-EE80-430F-BCEE-9917475C0E65}.Debug|Default.Build.0 = Debug
		{5023789F-EE80-430F-BCEE-9917475C0E65}.Debug|Default.Deploy.0 = Debug
		{5023789F-EE80-430F-BCEE-9917475C0E65}.DebugLocal|Default.ActiveCfg = DebugLocal
		{5023789F-EE80-430F-BCEE-9917475C0E65}.DebugLocal|Default.Build.0 = DebugLocal
		{5023789F-EE80-430F-BCEE-9917475C0E65}.Release|Default.ActiveCfg = Release
		{5023789F-EE80-430F-BCEE-9917475C0E65}.Release|Default.Build.0 = Release
		{5023789F-EE80-430F-BCEE-9917475C0E65}.Release|Default.Deploy.0 = Release
	EndGlobalSection
	GlobalSection(SolutionProperties) = preSolution
		HideSolutionNode = FALSE
	EndGlobalSection
	GlobalSection(ExtensibilityGlobals) = postSolution
		SolutionGuid = {B9690EF8-A54D-4C8C-8B57-287B36A38013}
	EndGlobalSection
EndGlobal
